
Microsoft Visual Studio Solution File, Format Version 12.00
# Visual Studio Version 16
VisualStudioVersion = 16.0.30804.86
MinimumVisualStudioVersion = 10.0.40219.1
Project("{9A19103F-16F7-4668-BE54-9A1E7A4F7556}") = "PurpleShop.Core", "PurpleShop.Core\PurpleShop.Core.csproj", "{8486936E-AED4-4778-A420-5E2D35A85316}"
EndProject
Project("{9A19103F-16F7-4668-BE54-9A1E7A4F7556}") = "PurpleShop.Entities", "PurpleShop.Entities\PurpleShop.Entities.csproj", "{6060BAD4-6B8B-4312-A36D-A1A7D49B6CCE}"
EndProject
Project("{9A19103F-16F7-4668-BE54-9A1E7A4F7556}") = "PurpleShop.DataAccess", "PurpleShop.DataAccess\PurpleShop.DataAccess.csproj", "{C7A97043-DB4D-4F8B-B64D-2F233886B6E7}"
EndProject
Project("{9A19103F-16F7-4668-BE54-9A1E7A4F7556}") = "PurpleShop.Business", "PurpleShop.Business\PurpleShop.Business.csproj", "{E10C1A3F-5265-4AAE-87F2-B2CCEAAB3925}"
EndProject
Project("{FAE04EC0-301F-11D3-BF4B-00C04F79EFBC}") = "PurpleShop.WebAPI", "PurpleShop.WebAPI\PurpleShop.WebAPI.csproj", "{CAF8B101-F6F8-4947-8A5B-BB587A150732}"
EndProject
Global
	GlobalSection(SolutionConfigurationPlatforms) = preSolution
		Debug|Any CPU = Debug|Any CPU
		Release|Any CPU = Release|Any CPU
	EndGlobalSection
	GlobalSection(ProjectConfigurationPlatforms) = postSolution
		{8486936E-AED4-4778-A420-5E2D35A85316}.Debug|Any CPU.ActiveCfg = Debug|Any CPU
		{8486936E-AED4-4778-A420-5E2D35A85316}.Debug|Any CPU.Build.0 = Debug|Any CPU
		{8486936E-AED4-4778-A420-5E2D35A85316}.Release|Any CPU.ActiveCfg = Release|Any CPU
		{8486936E-AED4-4778-A420-5E2D35A85316}.Release|Any CPU.Build.0 = Release|Any CPU
		{6060BAD4-6B8B-4312-A36D-A1A7D49B6CCE}.Debug|Any CPU.ActiveCfg = Debug|Any CPU
		{6060BAD4-6B8B-4312-A36D-A1A7D49B6CCE}.Debug|Any CPU.Build.0 = Debug|Any CPU
		{6060BAD4-6B8B-4312-A36D-A1A7D49B6CCE}.Release|Any CPU.ActiveCfg = Release|Any CPU
		{6060BAD4-6B8B-4312-A36D-A1A7D49B6CCE}.Release|Any CPU.Build.0 = Release|Any CPU
		{C7A97043-DB4D-4F8B-B64D-2F233886B6E7}.Debug|Any CPU.ActiveCfg = Debug|Any CPU
		{C7A97043-DB4D-4F8B-B64D-2F233886B6E7}.Debug|Any CPU.Build.0 = Debug|Any CPU
		{C7A97043-DB4D-4F8B-B64D-2F233886B6E7}.Release|Any CPU.ActiveCfg = Release|Any CPU
		{C7A97043-DB4D-4F8B-B64D-2F233886B6E7}.Release|Any CPU.Build.0 = Release|Any CPU
		{E10C1A3F-5265-4AAE-87F2-B2CCEAAB3925}.Debug|Any CPU.ActiveCfg = Debug|Any CPU
		{E10C1A3F-5265-4AAE-87F2-B2CCEAAB3925}.Debug|Any CPU.Build.0 = Debug|Any CPU
		{E10C1A3F-5265-4AAE-87F2-B2CCEAAB3925}.Release|Any CPU.ActiveCfg = Release|Any CPU
		{E10C1A3F-5265-4AAE-87F2-B2CCEAAB3925}.Release|Any CPU.Build.0 = Release|Any CPU
		{CAF8B101-F6F8-4947-8A5B-BB587A150732}.Debug|Any CPU.ActiveCfg = Debug|Any CPU
		{CAF8B101-F6F8-4947-8A5B-BB587A150732}.Debug|Any CPU.Build.0 = Debug|Any CPU
		{CAF8B101-F6F8-4947-8A5B-BB587A150732}.Release|Any CPU.ActiveCfg = Release|Any CPU
		{CAF8B101-F6F8-4947-8A5B-BB587A150732}.Release|Any CPU.Build.0 = Release|Any CPU
	EndGlobalSection
	GlobalSection(SolutionProperties) = preSolution
		HideSolutionNode = FALSE
	EndGlobalSection
	GlobalSection(ExtensibilityGlobals) = postSolution
		SolutionGuid = {D38D5414-4599-459F-9CFD-B5C4660E784B}
	EndGlobalSection
EndGlobal
